
Microsoft Visual Studio Solution File, Format Version 12.00
# Visual Studio Version 17
VisualStudioVersion = 17.9.34728.123
MinimumVisualStudioVersion = 10.0.40219.1
Project("{8BC9CEB8-8B4A-11D0-8D11-00A0C91BC942}") = "Pong", "Pong\Pong.vcxproj", "{48ADFAD0-47DA-4B35-B825-16948C8E3903}"
EndProject
Global
	GlobalSection(SolutionConfigurationPlatforms) = preSolution
		32bitrelease|x64 = 32bitrelease|x64
		32bitrelease|x86 = 32bitrelease|x86
		Debug|x64 = Debug|x64
		Debug|x86 = Debug|x86
		Release|x64 = Release|x64
		Release|x86 = Release|x86
	EndGlobalSection
	GlobalSection(ProjectConfigurationPlatforms) = postSolution
		{48ADFAD0-47DA-4B35-B825-16948C8E3903}.32bitrelease|x64.ActiveCfg = 32bitrelease|x64
		{48ADFAD0-47DA-4B35-B825-16948C8E3903}.32bitrelease|x64.Build.0 = 32bitrelease|x64
		{48ADFAD0-47DA-4B35-B825-16948C8E3903}.32bitrelease|x86.ActiveCfg = 32bitrelease|Win32
		{48ADFAD0-47DA-4B35-B825-16948C8E3903}.32bitrelease|x86.Build.0 = 32bitrelease|Win32
		{48ADFAD0-47DA-4B35-B825-16948C8E3903}.Debug|x64.ActiveCfg = Debug|x64
		{48ADFAD0-47DA-4B35-B825-16948C8E3903}.Debug|x64.Build.0 = Debug|x64
		{48ADFAD0-47DA-4B35-B825-16948C8E3903}.Debug|x86.ActiveCfg = Release|Win32
		{48ADFAD0-47DA-4B35-B825-16948C8E3903}.Debug|x86.Build.0 = Release|Win32
		{48ADFAD0-47DA-4B35-B825-16948C8E3903}.Release|x64.ActiveCfg = Release|x64
		{48ADFAD0-47DA-4B35-B825-16948C8E3903}.Release|x64.Build.0 = Release|x64
		{48ADFAD0-47DA-4B35-B825-16948C8E3903}.Release|x86.ActiveCfg = Release|Win32
		{48ADFAD0-47DA-4B35-B825-16948C8E3903}.Release|x86.Build.0 = Release|Win32
	EndGlobalSection
	GlobalSection(SolutionProperties) = preSolution
		HideSolutionNode = FALSE
	EndGlobalSection
	GlobalSection(ExtensibilityGlobals) = postSolution
		SolutionGuid = {AF36EEA5-9369-4131-A828-10618504545F}
	EndGlobalSection
EndGlobal
